
Microsoft Visual Studio Solution File, Format Version 12.00
# Visual Studio Version 17
VisualStudioVersion = 17.13.35931.197 d17.13
MinimumVisualStudioVersion = 10.0.40219.1
Project("{FAE04EC0-301F-11D3-BF4B-00C04F79EFBC}") = "Proyecto Integrador", "Proyecto Integrador\Proyecto Integrador.csproj", "{64FF9E51-7F66-4699-86EC-8EE24AB4CEE1}"
EndProject
Global
	GlobalSection(SolutionConfigurationPlatforms) = preSolution
		Debug|Any CPU = Debug|Any CPU
		Release|Any CPU = Release|Any CPU
	EndGlobalSection
	GlobalSection(ProjectConfigurationPlatforms) = postSolution
		{64FF9E51-7F66-4699-86EC-8EE24AB4CEE1}.Debug|Any CPU.ActiveCfg = Debug|Any CPU
		{64FF9E51-7F66-4699-86EC-8EE24AB4CEE1}.Debug|Any CPU.Build.0 = Debug|Any CPU
		{64FF9E51-7F66-4699-86EC-8EE24AB4CEE1}.Release|Any CPU.ActiveCfg = Release|Any CPU
		{64FF9E51-7F66-4699-86EC-8EE24AB4CEE1}.Release|Any CPU.Build.0 = Release|Any CPU
	EndGlobalSection
	GlobalSection(SolutionProperties) = preSolution
		HideSolutionNode = FALSE
	EndGlobalSection
	GlobalSection(ExtensibilityGlobals) = postSolution
		SolutionGuid = {874010B3-7F35-4294-8EB6-5CFA36044801}
	EndGlobalSection
EndGlobal
